// !$*UTF8*$!
{
	archiveVersion = 1;
	classes = {
	};
	objectVersion = 46;
	objects = {

/* Begin PBXBuildFile section */
		A0300D161E7ABCDD000DAA16 /* main.m in Sources */ = {isa = PBXBuildFile; fileRef = A0300D151E7ABCDD000DAA16 /* main.m */; };
		A0300D191E7ABCDE000DAA16 /* AppDelegate.m in Sources */ = {isa = PBXBuildFile; fileRef = A0300D181E7ABCDE000DAA16 /* AppDelegate.m */; };
		A0300D1C1E7ABCDE000DAA16 /* ViewController.m in Sources */ = {isa = PBXBuildFile; fileRef = A0300D1B1E7ABCDE000DAA16 /* ViewController.m */; };
		A0300D1F1E7ABCDF000DAA16 /* Main.storyboard in Resources */ = {isa = PBXBuildFile; fileRef = A0300D1D1E7ABCDF000DAA16 /* Main.storyboard */; };
		A0300D211E7ABCE0000DAA16 /* Assets.xcassets in Resources */ = {isa = PBXBuildFile; fileRef = A0300D201E7ABCE0000DAA16 /* Assets.xcassets */; };
		A0300D241E7ABCE0000DAA16 /* LaunchScreen.storyboard in Resources */ = {isa = PBXBuildFile; fileRef = A0300D221E7ABCE0000DAA16 /* LaunchScreen.storyboard */; };
		A0300D2F1E7ABCE2000DAA16 /* GoBeTests.m in Sources */ = {isa = PBXBuildFile; fileRef = A0300D2E1E7ABCE2000DAA16 /* GoBeTests.m */; };
		A0300D3A1E7ABCE2000DAA16 /* GoBeUITests.m in Sources */ = {isa = PBXBuildFile; fileRef = A0300D391E7ABCE2000DAA16 /* GoBeUITests.m */; };
		A0300D481E7ACD92000DAA16 /* Albert cropped.tif in Resources */ = {isa = PBXBuildFile; fileRef = A0300D471E7ACD92000DAA16 /* Albert cropped.tif */; };
		A07B594E1E7D2BE900AE0847 /* registrationViewController.m in Sources */ = {isa = PBXBuildFile; fileRef = A07B594D1E7D2BE900AE0847 /* registrationViewController.m */; };
		A07B59521E7D324200AE0847 /* LoginViewController.m in Sources */ = {isa = PBXBuildFile; fileRef = A07B59511E7D324200AE0847 /* LoginViewController.m */; };
/* End PBXBuildFile section */

/* Begin PBXContainerItemProxy section */
		A0300D2B1E7ABCE2000DAA16 /* PBXContainerItemProxy */ = {
			isa = PBXContainerItemProxy;
			containerPortal = A0300D091E7ABCDC000DAA16 /* Project object */;
			proxyType = 1;
			remoteGlobalIDString = A0300D101E7ABCDC000DAA16;
			remoteInfo = GoBe;
		};
		A0300D361E7ABCE2000DAA16 /* PBXContainerItemProxy */ = {
			isa = PBXContainerItemProxy;
			containerPortal = A0300D091E7ABCDC000DAA16 /* Project object */;
			proxyType = 1;
			remoteGlobalIDString = A0300D101E7ABCDC000DAA16;
			remoteInfo = GoBe;
		};
/* End PBXContainerItemProxy section */

/* Begin PBXFileReference section */
		A0300D111E7ABCDD000DAA16 /* GoBe.app */ = {isa = PBXFileReference; explicitFileType = wrapper.application; includeInIndex = 0; path = GoBe.app; sourceTree = BUILT_PRODUCTS_DIR; };
		A0300D151E7ABCDD000DAA16 /* main.m */ = {isa = PBXFileReference; lastKnownFileType = sourcecode.c.objc; path = main.m; sourceTree = "<group>"; };
		A0300D171E7ABCDE000DAA16 /* AppDelegate.h */ = {isa = PBXFileReference; lastKnownFileType = sourcecode.c.h; path = AppDelegate.h; sourceTree = "<group>"; };
		A0300D181E7ABCDE000DAA16 /* AppDelegate.m */ = {isa = PBXFileReference; lastKnownFileType = sourcecode.c.objc; path = AppDelegate.m; sourceTree = "<group>"; };
		A0300D1A1E7ABCDE000DAA16 /* ViewController.h */ = {isa = PBXFileReference; lastKnownFileType = sourcecode.c.h; path = ViewController.h; sourceTree = "<group>"; };
		A0300D1B1E7ABCDE000DAA16 /* ViewController.m */ = {isa = PBXFileReference; lastKnownFileType = sourcecode.c.objc; path = ViewController.m; sourceTree = "<group>"; };
		A0300D1E1E7ABCDF000DAA16 /* Base */ = {isa = PBXFileReference; lastKnownFileType = file.storyboard; name = Base; path = Base.lproj/Main.storyboard; sourceTree = "<group>"; };
		A0300D201E7ABCE0000DAA16 /* Assets.xcassets */ = {isa = PBXFileReference; lastKnownFileType = folder.assetcatalog; path = Assets.xcassets; sourceTree = "<group>"; };
		A0300D231E7ABCE0000DAA16 /* Base */ = {isa = PBXFileReference; lastKnownFileType = file.storyboard; name = Base; path = Base.lproj/LaunchScreen.storyboard; sourceTree = "<group>"; };
		A0300D251E7ABCE1000DAA16 /* Info.plist */ = {isa = PBXFileReference; lastKnownFileType = text.plist.xml; path = Info.plist; sourceTree = "<group>"; };
		A0300D2A1E7ABCE2000DAA16 /* GoBeTests.xctest */ = {isa = PBXFileReference; explicitFileType = wrapper.cfbundle; includeInIndex = 0; path = GoBeTests.xctest; sourceTree = BUILT_PRODUCTS_DIR; };
		A0300D2E1E7ABCE2000DAA16 /* GoBeTests.m */ = {isa = PBXFileReference; lastKnownFileType = sourcecode.c.objc; path = GoBeTests.m; sourceTree = "<group>"; };
		A0300D301E7ABCE2000DAA16 /* Info.plist */ = {isa = PBXFileReference; lastKnownFileType = text.plist.xml; path = Info.plist; sourceTree = "<group>"; };
		A0300D351E7ABCE2000DAA16 /* GoBeUITests.xctest */ = {isa = PBXFileReference; explicitFileType = wrapper.cfbundle; includeInIndex = 0; path = GoBeUITests.xctest; sourceTree = BUILT_PRODUCTS_DIR; };
		A0300D391E7ABCE2000DAA16 /* GoBeUITests.m */ = {isa = PBXFileReference; lastKnownFileType = sourcecode.c.objc; path = GoBeUITests.m; sourceTree = "<group>"; };
		A0300D3B1E7ABCE2000DAA16 /* Info.plist */ = {isa = PBXFileReference; lastKnownFileType = text.plist.xml; path = Info.plist; sourceTree = "<group>"; };
		A0300D471E7ACD92000DAA16 /* Albert cropped.tif */ = {isa = PBXFileReference; lastKnownFileType = image.tiff; path = "Albert cropped.tif"; sourceTree = "<group>"; };
		A07B594C1E7D2BE900AE0847 /* registrationViewController.h */ = {isa = PBXFileReference; fileEncoding = 4; lastKnownFileType = sourcecode.c.h; path = registrationViewController.h; sourceTree = "<group>"; };
		A07B594D1E7D2BE900AE0847 /* registrationViewController.m */ = {isa = PBXFileReference; fileEncoding = 4; lastKnownFileType = sourcecode.c.objc; path = registrationViewController.m; sourceTree = "<group>"; };
		A07B59501E7D324200AE0847 /* LoginViewController.h */ = {isa = PBXFileReference; fileEncoding = 4; lastKnownFileType = sourcecode.c.h; path = LoginViewController.h; sourceTree = "<group>"; };
		A07B59511E7D324200AE0847 /* LoginViewController.m */ = {isa = PBXFileReference; fileEncoding = 4; lastKnownFileType = sourcecode.c.objc; path = LoginViewController.m; sourceTree = "<group>"; };
/* End PBXFileReference section */

/* Begin PBXFrameworksBuildPhase section */
		A0300D0E1E7ABCDC000DAA16 /* Frameworks */ = {
			isa = PBXFrameworksBuildPhase;
			buildActionMask = 2147483647;
			files = (
			);
			runOnlyForDeploymentPostprocessing = 0;
		};
		A0300D271E7ABCE2000DAA16 /* Frameworks */ = {
			isa = PBXFrameworksBuildPhase;
			buildActionMask = 2147483647;
			files = (
			);
			runOnlyForDeploymentPostprocessing = 0;
		};
		A0300D321E7ABCE2000DAA16 /* Frameworks */ = {
			isa = PBXFrameworksBuildPhase;
			buildActionMask = 2147483647;
			files = (
			);
			runOnlyForDeploymentPostprocessing = 0;
		};
/* End PBXFrameworksBuildPhase section */

/* Begin PBXGroup section */
		A0300D081E7ABCDB000DAA16 = {
			isa = PBXGroup;
			children = (
				A0300D131E7ABCDD000DAA16 /* GoBe */,
				A0300D2D1E7ABCE2000DAA16 /* GoBeTests */,
				A0300D381E7ABCE2000DAA16 /* GoBeUITests */,
				A0300D121E7ABCDD000DAA16 /* Products */,
			);
			sourceTree = "<group>";
		};
		A0300D121E7ABCDD000DAA16 /* Products */ = {
			isa = PBXGroup;
			children = (
				A0300D111E7ABCDD000DAA16 /* GoBe.app */,
				A0300D2A1E7ABCE2000DAA16 /* GoBeTests.xctest */,
				A0300D351E7ABCE2000DAA16 /* GoBeUITests.xctest */,
			);
			name = Products;
			sourceTree = "<group>";
		};
		A0300D131E7ABCDD000DAA16 /* GoBe */ = {
			isa = PBXGroup;
			children = (
				A0300D471E7ACD92000DAA16 /* Albert cropped.tif */,
				A0300D171E7ABCDE000DAA16 /* AppDelegate.h */,
				A0300D181E7ABCDE000DAA16 /* AppDelegate.m */,
				A0300D1A1E7ABCDE000DAA16 /* ViewController.h */,
				A0300D1B1E7ABCDE000DAA16 /* ViewController.m */,
				A07B594F1E7D323000AE0847 /* LogInScreen */,
				A07B594B1E7D2AD400AE0847 /* Registration */,
				A0300D1D1E7ABCDF000DAA16 /* Main.storyboard */,
				A0300D201E7ABCE0000DAA16 /* Assets.xcassets */,
				A0300D221E7ABCE0000DAA16 /* LaunchScreen.storyboard */,
				A0300D251E7ABCE1000DAA16 /* Info.plist */,
				A0300D141E7ABCDD000DAA16 /* Supporting Files */,
			);
			path = GoBe;
			sourceTree = "<group>";
		};
		A0300D141E7ABCDD000DAA16 /* Supporting Files */ = {
			isa = PBXGroup;
			children = (
				A0300D151E7ABCDD000DAA16 /* main.m */,
			);
			name = "Supporting Files";
			sourceTree = "<group>";
		};
		A0300D2D1E7ABCE2000DAA16 /* GoBeTests */ = {
			isa = PBXGroup;
			children = (
				A0300D2E1E7ABCE2000DAA16 /* GoBeTests.m */,
				A0300D301E7ABCE2000DAA16 /* Info.plist */,
			);
			path = GoBeTests;
			sourceTree = "<group>";
		};
		A0300D381E7ABCE2000DAA16 /* GoBeUITests */ = {
			isa = PBXGroup;
			children = (
				A0300D391E7ABCE2000DAA16 /* GoBeUITests.m */,
				A0300D3B1E7ABCE2000DAA16 /* Info.plist */,
			);
			path = GoBeUITests;
			sourceTree = "<group>";
		};
		A07B594B1E7D2AD400AE0847 /* Registration */ = {
			isa = PBXGroup;
			children = (
				A07B594C1E7D2BE900AE0847 /* registrationViewController.h */,
				A07B594D1E7D2BE900AE0847 /* registrationViewController.m */,
			);
			path = Registration;
			sourceTree = "<group>";
		};
		A07B594F1E7D323000AE0847 /* LogInScreen */ = {
			isa = PBXGroup;
			children = (
				A07B59501E7D324200AE0847 /* LoginViewController.h */,
				A07B59511E7D324200AE0847 /* LoginViewController.m */,
			);
			path = LogInScreen;
			sourceTree = "<group>";
		};
/* End PBXGroup section */

/* Begin PBXNativeTarget section */
		A0300D101E7ABCDC000DAA16 /* GoBe */ = {
			isa = PBXNativeTarget;
			buildConfigurationList = A0300D3E1E7ABCE2000DAA16 /* Build configuration list for PBXNativeTarget "GoBe" */;
			buildPhases = (
				A0300D0D1E7ABCDC000DAA16 /* Sources */,
				A0300D0E1E7ABCDC000DAA16 /* Frameworks */,
				A0300D0F1E7ABCDC000DAA16 /* Resources */,
			);
			buildRules = (
			);
			dependencies = (
			);
			name = GoBe;
			productName = GoBe;
			productReference = A0300D111E7ABCDD000DAA16 /* GoBe.app */;
			productType = "com.apple.product-type.application";
		};
		A0300D291E7ABCE2000DAA16 /* GoBeTests */ = {
			isa = PBXNativeTarget;
			buildConfigurationList = A0300D411E7ABCE2000DAA16 /* Build configuration list for PBXNativeTarget "GoBeTests" */;
			buildPhases = (
				A0300D261E7ABCE2000DAA16 /* Sources */,
				A0300D271E7ABCE2000DAA16 /* Frameworks */,
				A0300D281E7ABCE2000DAA16 /* Resources */,
			);
			buildRules = (
			);
			dependencies = (
				A0300D2C1E7ABCE2000DAA16 /* PBXTargetDependency */,
			);
			name = GoBeTests;
			productName = GoBeTests;
			productReference = A0300D2A1E7ABCE2000DAA16 /* GoBeTests.xctest */;
			productType = "com.apple.product-type.bundle.unit-test";
		};
		A0300D341E7ABCE2000DAA16 /* GoBeUITests */ = {
			isa = PBXNativeTarget;
			buildConfigurationList = A0300D441E7ABCE2000DAA16 /* Build configuration list for PBXNativeTarget "GoBeUITests" */;
			buildPhases = (
				A0300D311E7ABCE2000DAA16 /* Sources */,
				A0300D321E7ABCE2000DAA16 /* Frameworks */,
				A0300D331E7ABCE2000DAA16 /* Resources */,
			);
			buildRules = (
			);
			dependencies = (
				A0300D371E7ABCE2000DAA16 /* PBXTargetDependency */,
			);
			name = GoBeUITests;
			productName = GoBeUITests;
			productReference = A0300D351E7ABCE2000DAA16 /* GoBeUITests.xctest */;
			productType = "com.apple.product-type.bundle.ui-testing";
		};
/* End PBXNativeTarget section */

/* Begin PBXProject section */
		A0300D091E7ABCDC000DAA16 /* Project object */ = {
			isa = PBXProject;
			attributes = {
				LastUpgradeCheck = 0820;
				ORGANIZATIONNAME = "SPARE CODE";
				TargetAttributes = {
					A0300D101E7ABCDC000DAA16 = {
						CreatedOnToolsVersion = 8.2.1;
						ProvisioningStyle = Automatic;
					};
					A0300D291E7ABCE2000DAA16 = {
						CreatedOnToolsVersion = 8.2.1;
						ProvisioningStyle = Automatic;
						TestTargetID = A0300D101E7ABCDC000DAA16;
					};
					A0300D341E7ABCE2000DAA16 = {
						CreatedOnToolsVersion = 8.2.1;
						ProvisioningStyle = Automatic;
						TestTargetID = A0300D101E7ABCDC000DAA16;
					};
				};
			};
			buildConfigurationList = A0300D0C1E7ABCDC000DAA16 /* Build configuration list for PBXProject "GoBe" */;
			compatibilityVersion = "Xcode 3.2";
			developmentRegion = English;
			hasScannedForEncodings = 0;
			knownRegions = (
				en,
				Base,
			);
			mainGroup = A0300D081E7ABCDB000DAA16;
			productRefGroup = A0300D121E7ABCDD000DAA16 /* Products */;
			projectDirPath = "";
			projectRoot = "";
			targets = (
				A0300D101E7ABCDC000DAA16 /* GoBe */,
				A0300D291E7ABCE2000DAA16 /* GoBeTests */,
				A0300D341E7ABCE2000DAA16 /* GoBeUITests */,
			);
		};
/* End PBXProject section */

/* Begin PBXResourcesBuildPhase section */
		A0300D0F1E7ABCDC000DAA16 /* Resources */ = {
			isa = PBXResourcesBuildPhase;
			buildActionMask = 2147483647;
			files = (
				A0300D241E7ABCE0000DAA16 /* LaunchScreen.storyboard in Resources */,
				A0300D211E7ABCE0000DAA16 /* Assets.xcassets in Resources */,
				A0300D481E7ACD92000DAA16 /* Albert cropped.tif in Resources */,
				A0300D1F1E7ABCDF000DAA16 /* Main.storyboard in Resources */,
			);
			runOnlyForDeploymentPostprocessing = 0;
		};
		A0300D281E7ABCE2000DAA16 /* Resources */ = {
			isa = PBXResourcesBuildPhase;
			buildActionMask = 2147483647;
			files = (
			);
			runOnlyForDeploymentPostprocessing = 0;
		};
		A0300D331E7ABCE2000DAA16 /* Resources */ = {
			isa = PBXResourcesBuildPhase;
			buildActionMask = 2147483647;
			files = (
			);
			runOnlyForDeploymentPostprocessing = 0;
		};
/* End PBXResourcesBuildPhase section */

/* Begin PBXSourcesBuildPhase section */
		A0300D0D1E7ABCDC000DAA16 /* Sources */ = {
			isa = PBXSourcesBuildPhase;
			buildActionMask = 2147483647;
			files = (
				A0300D1C1E7ABCDE000DAA16 /* ViewController.m in Sources */,
				A07B594E1E7D2BE900AE0847 /* registrationViewController.m in Sources */,
				A0300D191E7ABCDE000DAA16 /* AppDelegate.m in Sources */,
				A0300D161E7ABCDD000DAA16 /* main.m in Sources */,
				A07B59521E7D324200AE0847 /* LoginViewController.m in Sources */,
			);
			runOnlyForDeploymentPostprocessing = 0;
		};
		A0300D261E7ABCE2000DAA16 /* Sources */ = {
			isa = PBXSourcesBuildPhase;
			buildActionMask = 2147483647;
			files = (
				A0300D2F1E7ABCE2000DAA16 /* GoBeTests.m in Sources */,
			);
			runOnlyForDeploymentPostprocessing = 0;
		};
		A0300D311E7ABCE2000DAA16 /* Sources */ = {
			isa = PBXSourcesBuildPhase;
			buildActionMask = 2147483647;
			files = (
				A0300D3A1E7ABCE2000DAA16 /* GoBeUITests.m in Sources */,
			);
			runOnlyForDeploymentPostprocessing = 0;
		};
/* End PBXSourcesBuildPhase section */

/* Begin PBXTargetDependency section */
		A0300D2C1E7ABCE2000DAA16 /* PBXTargetDependency */ = {
			isa = PBXTargetDependency;
			target = A0300D101E7ABCDC000DAA16 /* GoBe */;
			targetProxy = A0300D2B1E7ABCE2000DAA16 /* PBXContainerItemProxy */;
		};
		A0300D371E7ABCE2000DAA16 /* PBXTargetDependency */ = {
			isa = PBXTargetDependency;
			target = A0300D101E7ABCDC000DAA16 /* GoBe */;
			targetProxy = A0300D361E7ABCE2000DAA16 /* PBXContainerItemProxy */;
		};
/* End PBXTargetDependency section */

/* Begin PBXVariantGroup section */
		A0300D1D1E7ABCDF000DAA16 /* Main.storyboard */ = {
			isa = PBXVariantGroup;
			children = (
				A0300D1E1E7ABCDF000DAA16 /* Base */,
			);
			name = Main.storyboard;
			sourceTree = "<group>";
		};
		A0300D221E7ABCE0000DAA16 /* LaunchScreen.storyboard */ = {
			isa = PBXVariantGroup;
			children = (
				A0300D231E7ABCE0000DAA16 /* Base */,
			);
			name = LaunchScreen.storyboard;
			sourceTree = "<group>";
		};
/* End PBXVariantGroup section */

/* Begin XCBuildConfiguration section */
		A0300D3C1E7ABCE2000DAA16 /* Debug */ = {
			isa = XCBuildConfiguration;
			buildSettings = {
				ALWAYS_SEARCH_USER_PATHS = NO;
				CLANG_ANALYZER_NONNULL = YES;
				CLANG_CXX_LANGUAGE_STANDARD = "gnu++0x";
				CLANG_CXX_LIBRARY = "libc++";
				CLANG_ENABLE_MODULES = YES;
				CLANG_ENABLE_OBJC_ARC = YES;
				CLANG_WARN_BOOL_CONVERSION = YES;
				CLANG_WARN_CONSTANT_CONVERSION = YES;
				CLANG_WARN_DIRECT_OBJC_ISA_USAGE = YES_ERROR;
				CLANG_WARN_DOCUMENTATION_COMMENTS = YES;
				CLANG_WARN_EMPTY_BODY = YES;
				CLANG_WARN_ENUM_CONVERSION = YES;
				CLANG_WARN_INFINITE_RECURSION = YES;
				CLANG_WARN_INT_CONVERSION = YES;
				CLANG_WARN_OBJC_ROOT_CLASS = YES_ERROR;
				CLANG_WARN_SUSPICIOUS_MOVE = YES;
				CLANG_WARN_UNREACHABLE_CODE = YES;
				CLANG_WARN__DUPLICATE_METHOD_MATCH = YES;
				"CODE_SIGN_IDENTITY[sdk=iphoneos*]" = "iPhone Developer";
				COPY_PHASE_STRIP = NO;
				DEBUG_INFORMATION_FORMAT = dwarf;
				ENABLE_STRICT_OBJC_MSGSEND = YES;
				ENABLE_TESTABILITY = YES;
				GCC_C_LANGUAGE_STANDARD = gnu99;
				GCC_DYNAMIC_NO_PIC = NO;
				GCC_NO_COMMON_BLOCKS = YES;
				GCC_OPTIMIZATION_LEVEL = 0;
				GCC_PREPROCESSOR_DEFINITIONS = (
					"DEBUG=1",
					"$(inherited)",
				);
				GCC_WARN_64_TO_32_BIT_CONVERSION = YES;
				GCC_WARN_ABOUT_RETURN_TYPE = YES_ERROR;
				GCC_WARN_UNDECLARED_SELECTOR = YES;
				GCC_WARN_UNINITIALIZED_AUTOS = YES_AGGRESSIVE;
				GCC_WARN_UNUSED_FUNCTION = YES;
				GCC_WARN_UNUSED_VARIABLE = YES;
				IPHONEOS_DEPLOYMENT_TARGET = 10.2;
				MTL_ENABLE_DEBUG_INFO = YES;
				ONLY_ACTIVE_ARCH = YES;
				SDKROOT = iphoneos;
			};
			name = Debug;
		};
		A0300D3D1E7ABCE2000DAA16 /* Release */ = {
			isa = XCBuildConfiguration;
			buildSettings = {
				ALWAYS_SEARCH_USER_PATHS = NO;
				CLANG_ANALYZER_NONNULL = YES;
				CLANG_CXX_LANGUAGE_STANDARD = "gnu++0x";
				CLANG_CXX_LIBRARY = "libc++";
				CLANG_ENABLE_MODULES = YES;
				CLANG_ENABLE_OBJC_ARC = YES;
				CLANG_WARN_BOOL_CONVERSION = YES;
				CLANG_WARN_CONSTANT_CONVERSION = YES;
				CLANG_WARN_DIRECT_OBJC_ISA_USAGE = YES_ERROR;
				CLANG_WARN_DOCUMENTATION_COMMENTS = YES;
				CLANG_WARN_EMPTY_BODY = YES;
				CLANG_WARN_ENUM_CONVERSION = YES;
				CLANG_WARN_INFINITE_RECURSION = YES;
				CLANG_WARN_INT_CONVERSION = YES;
				CLANG_WARN_OBJC_ROOT_CLASS = YES_ERROR;
				CLANG_WARN_SUSPICIOUS_MOVE = YES;
				CLANG_WARN_UNREACHABLE_CODE = YES;
				CLANG_WARN__DUPLICATE_METHOD_MATCH = YES;
				"CODE_SIGN_IDENTITY[sdk=iphoneos*]" = "iPhone Developer";
				COPY_PHASE_STRIP = NO;
				DEBUG_INFORMATION_FORMAT = "dwarf-with-dsym";
				ENABLE_NS_ASSERTIONS = NO;
				ENABLE_STRICT_OBJC_MSGSEND = YES;
				GCC_C_LANGUAGE_STANDARD = gnu99;
				GCC_NO_COMMON_BLOCKS = YES;
				GCC_WARN_64_TO_32_BIT_CONVERSION = YES;
				GCC_WARN_ABOUT_RETURN_TYPE = YES_ERROR;
				GCC_WARN_UNDECLARED_SELECTOR = YES;
				GCC_WARN_UNINITIALIZED_AUTOS = YES_AGGRESSIVE;
				GCC_WARN_UNUSED_FUNCTION = YES;
				GCC_WARN_UNUSED_VARIABLE = YES;
				IPHONEOS_DEPLOYMENT_TARGET = 10.2;
				MTL_ENABLE_DEBUG_INFO = NO;
				SDKROOT = iphoneos;
				VALIDATE_PRODUCT = YES;
			};
			name = Release;
		};
		A0300D3F1E7ABCE2000DAA16 /* Debug */ = {
			isa = XCBuildConfiguration;
			buildSettings = {
				ASSETCATALOG_COMPILER_APPICON_NAME = AppIcon;
				INFOPLIST_FILE = GoBe/Info.plist;
				LD_RUNPATH_SEARCH_PATHS = "$(inherited) @executable_path/Frameworks";
				PRODUCT_BUNDLE_IDENTIFIER = com.GoBe.GoBe;
				PRODUCT_NAME = "$(TARGET_NAME)";
			};
			name = Debug;
		};
		A0300D401E7ABCE2000DAA16 /* Release */ = {
			isa = XCBuildConfiguration;
			buildSettings = {
				ASSETCATALOG_COMPILER_APPICON_NAME = AppIcon;
				INFOPLIST_FILE = GoBe/Info.plist;
				LD_RUNPATH_SEARCH_PATHS = "$(inherited) @executable_path/Frameworks";
				PRODUCT_BUNDLE_IDENTIFIER = com.GoBe.GoBe;
				PRODUCT_NAME = "$(TARGET_NAME)";
			};
			name = Release;
		};
		A0300D421E7ABCE2000DAA16 /* Debug */ = {
			isa = XCBuildConfiguration;
			buildSettings = {
				BUNDLE_LOADER = "$(TEST_HOST)";
				INFOPLIST_FILE = GoBeTests/Info.plist;
				LD_RUNPATH_SEARCH_PATHS = "$(inherited) @executable_path/Frameworks @loader_path/Frameworks";
				PRODUCT_BUNDLE_IDENTIFIER = com.GoBe.GoBeTests;
				PRODUCT_NAME = "$(TARGET_NAME)";
				TEST_HOST = "$(BUILT_PRODUCTS_DIR)/GoBe.app/GoBe";
			};
			name = Debug;
		};
		A0300D431E7ABCE2000DAA16 /* Release */ = {
			isa = XCBuildConfiguration;
			buildSettings = {
				BUNDLE_LOADER = "$(TEST_HOST)";
				INFOPLIST_FILE = GoBeTests/Info.plist;
				LD_RUNPATH_SEARCH_PATHS = "$(inherited) @executable_path/Frameworks @loader_path/Frameworks";
				PRODUCT_BUNDLE_IDENTIFIER = com.GoBe.GoBeTests;
				PRODUCT_NAME = "$(TARGET_NAME)";
				TEST_HOST = "$(BUILT_PRODUCTS_DIR)/GoBe.app/GoBe";
			};
			name = Release;
		};
		A0300D451E7ABCE2000DAA16 /* Debug */ = {
			isa = XCBuildConfiguration;
			buildSettings = {
				INFOPLIST_FILE = GoBeUITests/Info.plist;
				LD_RUNPATH_SEARCH_PATHS = "$(inherited) @executable_path/Frameworks @loader_path/Frameworks";
				PRODUCT_BUNDLE_IDENTIFIER = com.GoBe.GoBeUITests;
				PRODUCT_NAME = "$(TARGET_NAME)";
				TEST_TARGET_NAME = GoBe;
			};
			name = Debug;
		};
		A0300D461E7ABCE2000DAA16 /* Release */ = {
			isa = XCBuildConfiguration;
			buildSettings = {
				INFOPLIST_FILE = GoBeUITests/Info.plist;
				LD_RUNPATH_SEARCH_PATHS = "$(inherited) @executable_path/Frameworks @loader_path/Frameworks";
				PRODUCT_BUNDLE_IDENTIFIER = com.GoBe.GoBeUITests;
				PRODUCT_NAME = "$(TARGET_NAME)";
				TEST_TARGET_NAME = GoBe;
			};
			name = Release;
		};
/* End XCBuildConfiguration section */

/* Begin XCConfigurationList section */
		A0300D0C1E7ABCDC000DAA16 /* Build configuration list for PBXProject "GoBe" */ = {
			isa = XCConfigurationList;
			buildConfigurations = (
				A0300D3C1E7ABCE2000DAA16 /* Debug */,
				A0300D3D1E7ABCE2000DAA16 /* Release */,
			);
			defaultConfigurationIsVisible = 0;
			defaultConfigurationName = Release;
		};
		A0300D3E1E7ABCE2000DAA16 /* Build configuration list for PBXNativeTarget "GoBe" */ = {
			isa = XCConfigurationList;
			buildConfigurations = (
				A0300D3F1E7ABCE2000DAA16 /* Debug */,
				A0300D401E7ABCE2000DAA16 /* Release */,
			);
			defaultConfigurationIsVisible = 0;
			defaultConfigurationName = Release;
		};
		A0300D411E7ABCE2000DAA16 /* Build configuration list for PBXNativeTarget "GoBeTests" */ = {
			isa = XCConfigurationList;
			buildConfigurations = (
				A0300D421E7ABCE2000DAA16 /* Debug */,
				A0300D431E7ABCE2000DAA16 /* Release */,
			);
			defaultConfigurationIsVisible = 0;
			defaultConfigurationName = Release;
		};
		A0300D441E7ABCE2000DAA16 /* Build configuration list for PBXNativeTarget "GoBeUITests" */ = {
			isa = XCConfigurationList;
			buildConfigurations = (
				A0300D451E7ABCE2000DAA16 /* Debug */,
				A0300D461E7ABCE2000DAA16 /* Release */,
			);
			defaultConfigurationIsVisible = 0;
			defaultConfigurationName = Release;
		};
/* End XCConfigurationList section */
	};
	rootObject = A0300D091E7ABCDC000DAA16 /* Project object */;
}
